
Microsoft Visual Studio Solution File, Format Version 12.00
# Visual Studio 2012
Project("{FAE04EC0-301F-11D3-BF4B-00C04F79EFBC}") = "Example_1_SimpleFom", "Example_1_SimpleFom\Example_1_SimpleFom.csproj", "{EAE25124-862E-4E97-92D3-F0FBD2AB6195}"
EndProject
Project("{FAE04EC0-301F-11D3-BF4B-00C04F79EFBC}") = "Example_2_Events", "Example_2_Events\Example_2_Events.csproj", "{6DC21372-A340-438B-A7EE-2EAACBF70B17}"
EndProject
Project("{FAE04EC0-301F-11D3-BF4B-00C04F79EFBC}") = "Example_3_Events", "Example_3_Events\Example_3_Events.csproj", "{885484BF-1718-4DAE-912B-F42A547BF0DF}"
EndProject
Project("{FAE04EC0-301F-11D3-BF4B-00C04F79EFBC}") = "Example_4_MVP", "Example_4_MVP\Example_4_MVP.csproj", "{FD0A3E74-9BD1-475E-9531-2A71D26AA2AC}"
EndProject
Project("{FAE04EC0-301F-11D3-BF4B-00C04F79EFBC}") = "Example_5_SimpleWPF", "Example_5_SimpleWPF\Example_5_SimpleWPF.csproj", "{7CEE52B8-C1CB-4D9C-BE2D-815B0B4A5409}"
EndProject
Project("{FAE04EC0-301F-11D3-BF4B-00C04F79EFBC}") = "Example_6_Hello_World_WPF", "Example_6_Hello_World_WPF\Example_6_Hello_World_WPF.csproj", "{5F716935-FB56-44FA-B940-C84FA6BC3FF5}"
EndProject
Project("{FAE04EC0-301F-11D3-BF4B-00C04F79EFBC}") = "Example_7_Code_vs_XAML", "Example_7_Code_vs_XAML\Example_7_Code_vs_XAML.csproj", "{40AB2805-6D11-4FD0-AF76-B6A381CB4225}"
EndProject
Project("{FAE04EC0-301F-11D3-BF4B-00C04F79EFBC}") = "Example_8_Events", "Example_8_Events\Example_8_Events.csproj", "{23AE2C85-7A8C-422E-8934-74BB6B144D16}"
EndProject
Project("{FAE04EC0-301F-11D3-BF4B-00C04F79EFBC}") = "Example_9_AppXaml", "Example_9_AppXaml\Example_9_AppXaml.csproj", "{8EE2819F-A729-40B0-B042-AD5AC080D265}"
EndProject
Project("{FAE04EC0-301F-11D3-BF4B-00C04F79EFBC}") = "Example_10_StaticResource", "Example_10_StaticResource\Example_10_StaticResource.csproj", "{6A443E12-08B8-4027-9EB9-2C6F3E81D314}"
EndProject
Project("{FAE04EC0-301F-11D3-BF4B-00C04F79EFBC}") = "Example_11_DynamicResource", "Example_11_DynamicResource\Example_11_DynamicResource.csproj", "{DBC70C2C-D515-43EE-85DE-D54B850E2EA2}"
EndProject
Project("{FAE04EC0-301F-11D3-BF4B-00C04F79EFBC}") = "Example_12_Canvas", "Example_12_Canvas\Example_12_Canvas.csproj", "{9B719ED0-C41A-44D0-A3AE-C698D06AF751}"
EndProject
Project("{FAE04EC0-301F-11D3-BF4B-00C04F79EFBC}") = "Example_13_WrapPanel", "Example_13_WrapPanel\Example_13_WrapPanel.csproj", "{4124697F-2DA1-414C-AF08-6A72FD118B29}"
EndProject
Project("{FAE04EC0-301F-11D3-BF4B-00C04F79EFBC}") = "Example_14_StackPanel", "Example_14_StackPanel\Example_14_StackPanel.csproj", "{D6A455D3-675F-478C-8D65-C3117560C49A}"
EndProject
Project("{FAE04EC0-301F-11D3-BF4B-00C04F79EFBC}") = "Example_14_DockPanel", "Example_14_DockPanel\Example_14_DockPanel.csproj", "{FBD41E69-808B-4F4C-B34A-EEF645F1844B}"
EndProject
Project("{FAE04EC0-301F-11D3-BF4B-00C04F79EFBC}") = "Example_15_Grid", "Example_15_Grid\Example_15_Grid.csproj", "{66F54964-4806-4A47-931E-00410E7F74E0}"
EndProject
Project("{FAE04EC0-301F-11D3-BF4B-00C04F79EFBC}") = "Example_16_DataBinding", "Example_16_DataBinding\Example_16_DataBinding.csproj", "{A7B1CD24-8782-4959-9B25-6F5DF9D1C4E5}"
EndProject
Project("{FAE04EC0-301F-11D3-BF4B-00C04F79EFBC}") = "Example_17_DataContext", "Example_17_DataContext\Example_17_DataContext.csproj", "{41E2E0DA-BBAE-4FA2-BA10-5D513F1DF627}"
EndProject
Project("{FAE04EC0-301F-11D3-BF4B-00C04F79EFBC}") = "Example_18_Responding_to_changes", "Example_18_Responding_to_changes\Example_18_Responding_to_changes.csproj", "{4CB2DDE4-0CFF-40FE-9798-A34CD8227F36}"
EndProject
Project("{FAE04EC0-301F-11D3-BF4B-00C04F79EFBC}") = "Example_19_Command", "Example_19_Command\Example_19_Command.csproj", "{7CCCEE3C-A5E9-408E-93F1-312EC92B8AD6}"
EndProject
Project("{FAE04EC0-301F-11D3-BF4B-00C04F79EFBC}") = "Example_20_CustomCommand", "Example_20_CustomCommand\Example_20_CustomCommand.csproj", "{5F684874-AB41-4F80-AF7A-32F81EED5872}"
EndProject
Global
	GlobalSection(SolutionConfigurationPlatforms) = preSolution
		Debug|Any CPU = Debug|Any CPU
		Release|Any CPU = Release|Any CPU
	EndGlobalSection
	GlobalSection(ProjectConfigurationPlatforms) = postSolution
		{EAE25124-862E-4E97-92D3-F0FBD2AB6195}.Debug|Any CPU.ActiveCfg = Debug|Any CPU
		{EAE25124-862E-4E97-92D3-F0FBD2AB6195}.Debug|Any CPU.Build.0 = Debug|Any CPU
		{EAE25124-862E-4E97-92D3-F0FBD2AB6195}.Release|Any CPU.ActiveCfg = Release|Any CPU
		{EAE25124-862E-4E97-92D3-F0FBD2AB6195}.Release|Any CPU.Build.0 = Release|Any CPU
		{6DC21372-A340-438B-A7EE-2EAACBF70B17}.Debug|Any CPU.ActiveCfg = Debug|Any CPU
		{6DC21372-A340-438B-A7EE-2EAACBF70B17}.Debug|Any CPU.Build.0 = Debug|Any CPU
		{6DC21372-A340-438B-A7EE-2EAACBF70B17}.Release|Any CPU.ActiveCfg = Release|Any CPU
		{6DC21372-A340-438B-A7EE-2EAACBF70B17}.Release|Any CPU.Build.0 = Release|Any CPU
		{885484BF-1718-4DAE-912B-F42A547BF0DF}.Debug|Any CPU.ActiveCfg = Debug|Any CPU
		{885484BF-1718-4DAE-912B-F42A547BF0DF}.Debug|Any CPU.Build.0 = Debug|Any CPU
		{885484BF-1718-4DAE-912B-F42A547BF0DF}.Release|Any CPU.ActiveCfg = Release|Any CPU
		{885484BF-1718-4DAE-912B-F42A547BF0DF}.Release|Any CPU.Build.0 = Release|Any CPU
		{FD0A3E74-9BD1-475E-9531-2A71D26AA2AC}.Debug|Any CPU.ActiveCfg = Debug|Any CPU
		{FD0A3E74-9BD1-475E-9531-2A71D26AA2AC}.Debug|Any CPU.Build.0 = Debug|Any CPU
		{FD0A3E74-9BD1-475E-9531-2A71D26AA2AC}.Release|Any CPU.ActiveCfg = Release|Any CPU
		{FD0A3E74-9BD1-475E-9531-2A71D26AA2AC}.Release|Any CPU.Build.0 = Release|Any CPU
		{7CEE52B8-C1CB-4D9C-BE2D-815B0B4A5409}.Debug|Any CPU.ActiveCfg = Debug|Any CPU
		{7CEE52B8-C1CB-4D9C-BE2D-815B0B4A5409}.Debug|Any CPU.Build.0 = Debug|Any CPU
		{7CEE52B8-C1CB-4D9C-BE2D-815B0B4A5409}.Release|Any CPU.ActiveCfg = Release|Any CPU
		{7CEE52B8-C1CB-4D9C-BE2D-815B0B4A5409}.Release|Any CPU.Build.0 = Release|Any CPU
		{5F716935-FB56-44FA-B940-C84FA6BC3FF5}.Debug|Any CPU.ActiveCfg = Debug|Any CPU
		{5F716935-FB56-44FA-B940-C84FA6BC3FF5}.Debug|Any CPU.Build.0 = Debug|Any CPU
		{5F716935-FB56-44FA-B940-C84FA6BC3FF5}.Release|Any CPU.ActiveCfg = Release|Any CPU
		{5F716935-FB56-44FA-B940-C84FA6BC3FF5}.Release|Any CPU.Build.0 = Release|Any CPU
		{40AB2805-6D11-4FD0-AF76-B6A381CB4225}.Debug|Any CPU.ActiveCfg = Debug|Any CPU
		{40AB2805-6D11-4FD0-AF76-B6A381CB4225}.Debug|Any CPU.Build.0 = Debug|Any CPU
		{40AB2805-6D11-4FD0-AF76-B6A381CB4225}.Release|Any CPU.ActiveCfg = Release|Any CPU
		{40AB2805-6D11-4FD0-AF76-B6A381CB4225}.Release|Any CPU.Build.0 = Release|Any CPU
		{23AE2C85-7A8C-422E-8934-74BB6B144D16}.Debug|Any CPU.ActiveCfg = Debug|Any CPU
		{23AE2C85-7A8C-422E-8934-74BB6B144D16}.Debug|Any CPU.Build.0 = Debug|Any CPU
		{23AE2C85-7A8C-422E-8934-74BB6B144D16}.Release|Any CPU.ActiveCfg = Release|Any CPU
		{23AE2C85-7A8C-422E-8934-74BB6B144D16}.Release|Any CPU.Build.0 = Release|Any CPU
		{8EE2819F-A729-40B0-B042-AD5AC080D265}.Debug|Any CPU.ActiveCfg = Debug|Any CPU
		{8EE2819F-A729-40B0-B042-AD5AC080D265}.Debug|Any CPU.Build.0 = Debug|Any CPU
		{8EE2819F-A729-40B0-B042-AD5AC080D265}.Release|Any CPU.ActiveCfg = Release|Any CPU
		{8EE2819F-A729-40B0-B042-AD5AC080D265}.Release|Any CPU.Build.0 = Release|Any CPU
		{6A443E12-08B8-4027-9EB9-2C6F3E81D314}.Debug|Any CPU.ActiveCfg = Debug|Any CPU
		{6A443E12-08B8-4027-9EB9-2C6F3E81D314}.Debug|Any CPU.Build.0 = Debug|Any CPU
		{6A443E12-08B8-4027-9EB9-2C6F3E81D314}.Release|Any CPU.ActiveCfg = Release|Any CPU
		{6A443E12-08B8-4027-9EB9-2C6F3E81D314}.Release|Any CPU.Build.0 = Release|Any CPU
		{DBC70C2C-D515-43EE-85DE-D54B850E2EA2}.Debug|Any CPU.ActiveCfg = Debug|Any CPU
		{DBC70C2C-D515-43EE-85DE-D54B850E2EA2}.Debug|Any CPU.Build.0 = Debug|Any CPU
		{DBC70C2C-D515-43EE-85DE-D54B850E2EA2}.Release|Any CPU.ActiveCfg = Release|Any CPU
		{DBC70C2C-D515-43EE-85DE-D54B850E2EA2}.Release|Any CPU.Build.0 = Release|Any CPU
		{9B719ED0-C41A-44D0-A3AE-C698D06AF751}.Debug|Any CPU.ActiveCfg = Debug|Any CPU
		{9B719ED0-C41A-44D0-A3AE-C698D06AF751}.Debug|Any CPU.Build.0 = Debug|Any CPU
		{9B719ED0-C41A-44D0-A3AE-C698D06AF751}.Release|Any CPU.ActiveCfg = Release|Any CPU
		{9B719ED0-C41A-44D0-A3AE-C698D06AF751}.Release|Any CPU.Build.0 = Release|Any CPU
		{4124697F-2DA1-414C-AF08-6A72FD118B29}.Debug|Any CPU.ActiveCfg = Debug|Any CPU
		{4124697F-2DA1-414C-AF08-6A72FD118B29}.Debug|Any CPU.Build.0 = Debug|Any CPU
		{4124697F-2DA1-414C-AF08-6A72FD118B29}.Release|Any CPU.ActiveCfg = Release|Any CPU
		{4124697F-2DA1-414C-AF08-6A72FD118B29}.Release|Any CPU.Build.0 = Release|Any CPU
		{D6A455D3-675F-478C-8D65-C3117560C49A}.Debug|Any CPU.ActiveCfg = Debug|Any CPU
		{D6A455D3-675F-478C-8D65-C3117560C49A}.Debug|Any CPU.Build.0 = Debug|Any CPU
		{D6A455D3-675F-478C-8D65-C3117560C49A}.Release|Any CPU.ActiveCfg = Release|Any CPU
		{D6A455D3-675F-478C-8D65-C3117560C49A}.Release|Any CPU.Build.0 = Release|Any CPU
		{FBD41E69-808B-4F4C-B34A-EEF645F1844B}.Debug|Any CPU.ActiveCfg = Debug|Any CPU
		{FBD41E69-808B-4F4C-B34A-EEF645F1844B}.Debug|Any CPU.Build.0 = Debug|Any CPU
		{FBD41E69-808B-4F4C-B34A-EEF645F1844B}.Release|Any CPU.ActiveCfg = Release|Any CPU
		{FBD41E69-808B-4F4C-B34A-EEF645F1844B}.Release|Any CPU.Build.0 = Release|Any CPU
		{66F54964-4806-4A47-931E-00410E7F74E0}.Debug|Any CPU.ActiveCfg = Debug|Any CPU
		{66F54964-4806-4A47-931E-00410E7F74E0}.Debug|Any CPU.Build.0 = Debug|Any CPU
		{66F54964-4806-4A47-931E-00410E7F74E0}.Release|Any CPU.ActiveCfg = Release|Any CPU
		{66F54964-4806-4A47-931E-00410E7F74E0}.Release|Any CPU.Build.0 = Release|Any CPU
		{A7B1CD24-8782-4959-9B25-6F5DF9D1C4E5}.Debug|Any CPU.ActiveCfg = Debug|Any CPU
		{A7B1CD24-8782-4959-9B25-6F5DF9D1C4E5}.Debug|Any CPU.Build.0 = Debug|Any CPU
		{A7B1CD24-8782-4959-9B25-6F5DF9D1C4E5}.Release|Any CPU.ActiveCfg = Release|Any CPU
		{A7B1CD24-8782-4959-9B25-6F5DF9D1C4E5}.Release|Any CPU.Build.0 = Release|Any CPU
		{41E2E0DA-BBAE-4FA2-BA10-5D513F1DF627}.Debug|Any CPU.ActiveCfg = Debug|Any CPU
		{41E2E0DA-BBAE-4FA2-BA10-5D513F1DF627}.Debug|Any CPU.Build.0 = Debug|Any CPU
		{41E2E0DA-BBAE-4FA2-BA10-5D513F1DF627}.Release|Any CPU.ActiveCfg = Release|Any CPU
		{41E2E0DA-BBAE-4FA2-BA10-5D513F1DF627}.Release|Any CPU.Build.0 = Release|Any CPU
		{4CB2DDE4-0CFF-40FE-9798-A34CD8227F36}.Debug|Any CPU.ActiveCfg = Debug|Any CPU
		{4CB2DDE4-0CFF-40FE-9798-A34CD8227F36}.Debug|Any CPU.Build.0 = Debug|Any CPU
		{4CB2DDE4-0CFF-40FE-9798-A34CD8227F36}.Release|Any CPU.ActiveCfg = Release|Any CPU
		{4CB2DDE4-0CFF-40FE-9798-A34CD8227F36}.Release|Any CPU.Build.0 = Release|Any CPU
		{7CCCEE3C-A5E9-408E-93F1-312EC92B8AD6}.Debug|Any CPU.ActiveCfg = Debug|Any CPU
		{7CCCEE3C-A5E9-408E-93F1-312EC92B8AD6}.Debug|Any CPU.Build.0 = Debug|Any CPU
		{7CCCEE3C-A5E9-408E-93F1-312EC92B8AD6}.Release|Any CPU.ActiveCfg = Release|Any CPU
		{7CCCEE3C-A5E9-408E-93F1-312EC92B8AD6}.Release|Any CPU.Build.0 = Release|Any CPU
		{5F684874-AB41-4F80-AF7A-32F81EED5872}.Debug|Any CPU.ActiveCfg = Debug|Any CPU
		{5F684874-AB41-4F80-AF7A-32F81EED5872}.Debug|Any CPU.Build.0 = Debug|Any CPU
		{5F684874-AB41-4F80-AF7A-32F81EED5872}.Release|Any CPU.ActiveCfg = Release|Any CPU
		{5F684874-AB41-4F80-AF7A-32F81EED5872}.Release|Any CPU.Build.0 = Release|Any CPU
	EndGlobalSection
	GlobalSection(SolutionProperties) = preSolution
		HideSolutionNode = FALSE
	EndGlobalSection
EndGlobal
