
Microsoft Visual Studio Solution File, Format Version 12.00
# Visual Studio 2012
Project("{FAE04EC0-301F-11D3-BF4B-00C04F79EFBC}") = "Example_1_SimpleFom", "Example_1_SimpleFom\Example_1_SimpleFom.csproj", "{EAE25124-862E-4E97-92D3-F0FBD2AB6195}"
EndProject
Project("{FAE04EC0-301F-11D3-BF4B-00C04F79EFBC}") = "Example_2_Events", "Example_2_Events\Example_2_Events.csproj", "{6DC21372-A340-438B-A7EE-2EAACBF70B17}"
EndProject
Project("{FAE04EC0-301F-11D3-BF4B-00C04F79EFBC}") = "Example_3_Events", "Example_3_Events\Example_3_Events.csproj", "{885484BF-1718-4DAE-912B-F42A547BF0DF}"
EndProject
Project("{FAE04EC0-301F-11D3-BF4B-00C04F79EFBC}") = "Example_4_MVP", "Example_4_MVP\Example_4_MVP.csproj", "{FD0A3E74-9BD1-475E-9531-2A71D26AA2AC}"
EndProject
Global
	GlobalSection(SolutionConfigurationPlatforms) = preSolution
		Debug|Any CPU = Debug|Any CPU
		Release|Any CPU = Release|Any CPU
	EndGlobalSection
	GlobalSection(ProjectConfigurationPlatforms) = postSolution
		{EAE25124-862E-4E97-92D3-F0FBD2AB6195}.Debug|Any CPU.ActiveCfg = Debug|Any CPU
		{EAE25124-862E-4E97-92D3-F0FBD2AB6195}.Debug|Any CPU.Build.0 = Debug|Any CPU
		{EAE25124-862E-4E97-92D3-F0FBD2AB6195}.Release|Any CPU.ActiveCfg = Release|Any CPU
		{EAE25124-862E-4E97-92D3-F0FBD2AB6195}.Release|Any CPU.Build.0 = Release|Any CPU
		{6DC21372-A340-438B-A7EE-2EAACBF70B17}.Debug|Any CPU.ActiveCfg = Debug|Any CPU
		{6DC21372-A340-438B-A7EE-2EAACBF70B17}.Debug|Any CPU.Build.0 = Debug|Any CPU
		{6DC21372-A340-438B-A7EE-2EAACBF70B17}.Release|Any CPU.ActiveCfg = Release|Any CPU
		{6DC21372-A340-438B-A7EE-2EAACBF70B17}.Release|Any CPU.Build.0 = Release|Any CPU
		{885484BF-1718-4DAE-912B-F42A547BF0DF}.Debug|Any CPU.ActiveCfg = Debug|Any CPU
		{885484BF-1718-4DAE-912B-F42A547BF0DF}.Debug|Any CPU.Build.0 = Debug|Any CPU
		{885484BF-1718-4DAE-912B-F42A547BF0DF}.Release|Any CPU.ActiveCfg = Release|Any CPU
		{885484BF-1718-4DAE-912B-F42A547BF0DF}.Release|Any CPU.Build.0 = Release|Any CPU
		{FD0A3E74-9BD1-475E-9531-2A71D26AA2AC}.Debug|Any CPU.ActiveCfg = Debug|Any CPU
		{FD0A3E74-9BD1-475E-9531-2A71D26AA2AC}.Debug|Any CPU.Build.0 = Debug|Any CPU
		{FD0A3E74-9BD1-475E-9531-2A71D26AA2AC}.Release|Any CPU.ActiveCfg = Release|Any CPU
		{FD0A3E74-9BD1-475E-9531-2A71D26AA2AC}.Release|Any CPU.Build.0 = Release|Any CPU
	EndGlobalSection
	GlobalSection(SolutionProperties) = preSolution
		HideSolutionNode = FALSE
	EndGlobalSection
EndGlobal
